// !$*UTF8*$!
{
	archiveVersion = 1;
	classes = {
	};
	objectVersion = 48;
	objects = {

/* Begin PBXBuildFile section */
		6C0266B720160BAD000ACBBF /* AppDelegate.swift in Sources */ = {isa = PBXBuildFile; fileRef = 6C0266B620160BAD000ACBBF /* AppDelegate.swift */; };
		6C0266B920160BAD000ACBBF /* ViewController.swift in Sources */ = {isa = PBXBuildFile; fileRef = 6C0266B820160BAD000ACBBF /* ViewController.swift */; };
		6C0266BC20160BAD000ACBBF /* Main.storyboard in Resources */ = {isa = PBXBuildFile; fileRef = 6C0266BA20160BAD000ACBBF /* Main.storyboard */; };
		6C0266BE20160BAD000ACBBF /* Assets.xcassets in Resources */ = {isa = PBXBuildFile; fileRef = 6C0266BD20160BAD000ACBBF /* Assets.xcassets */; };
		6C0266C120160BAD000ACBBF /* LaunchScreen.storyboard in Resources */ = {isa = PBXBuildFile; fileRef = 6C0266BF20160BAD000ACBBF /* LaunchScreen.storyboard */; };
		6C0266CF201610D3000ACBBF /* child.jpg in Resources */ = {isa = PBXBuildFile; fileRef = 6C0266C8201610D2000ACBBF /* child.jpg */; };
		6C0266D0201610D3000ACBBF /* background.jpg in Resources */ = {isa = PBXBuildFile; fileRef = 6C0266C9201610D3000ACBBF /* background.jpg */; };
		6C0266D1201610D3000ACBBF /* call.png in Resources */ = {isa = PBXBuildFile; fileRef = 6C0266CA201610D3000ACBBF /* call.png */; };
		6C0266D2201610D3000ACBBF /* callMusic.mp3 in Resources */ = {isa = PBXBuildFile; fileRef = 6C0266CB201610D3000ACBBF /* callMusic.mp3 */; };
		6C0266D3201610D3000ACBBF /* callplay2.png in Resources */ = {isa = PBXBuildFile; fileRef = 6C0266CC201610D3000ACBBF /* callplay2.png */; };
		6C0266D4201610D3000ACBBF /* callplay1.png in Resources */ = {isa = PBXBuildFile; fileRef = 6C0266CD201610D3000ACBBF /* callplay1.png */; };
		6C0266D5201610D3000ACBBF /* baby.mp3 in Resources */ = {isa = PBXBuildFile; fileRef = 6C0266CE201610D3000ACBBF /* baby.mp3 */; };
		6C0266D7201617EA000ACBBF /* SoundViewController.swift in Sources */ = {isa = PBXBuildFile; fileRef = 6C0266D6201617EA000ACBBF /* SoundViewController.swift */; };
		6C0266DA20161C99000ACBBF /* AVFoundation.framework in Frameworks */ = {isa = PBXBuildFile; fileRef = 6C0266D920161C99000ACBBF /* AVFoundation.framework */; };
/* End PBXBuildFile section */

/* Begin PBXFileReference section */
		6C0266B320160BAD000ACBBF /* Swift Mosou LINE.app */ = {isa = PBXFileReference; explicitFileType = wrapper.application; includeInIndex = 0; path = "Swift Mosou LINE.app"; sourceTree = BUILT_PRODUCTS_DIR; };
		6C0266B620160BAD000ACBBF /* AppDelegate.swift */ = {isa = PBXFileReference; lastKnownFileType = sourcecode.swift; path = AppDelegate.swift; sourceTree = "<group>"; };
		6C0266B820160BAD000ACBBF /* ViewController.swift */ = {isa = PBXFileReference; lastKnownFileType = sourcecode.swift; path = ViewController.swift; sourceTree = "<group>"; };
		6C0266BB20160BAD000ACBBF /* Base */ = {isa = PBXFileReference; lastKnownFileType = file.storyboard; name = Base; path = Base.lproj/Main.storyboard; sourceTree = "<group>"; };
		6C0266BD20160BAD000ACBBF /* Assets.xcassets */ = {isa = PBXFileReference; lastKnownFileType = folder.assetcatalog; path = Assets.xcassets; sourceTree = "<group>"; };
		6C0266C020160BAD000ACBBF /* Base */ = {isa = PBXFileReference; lastKnownFileType = file.storyboard; name = Base; path = Base.lproj/LaunchScreen.storyboard; sourceTree = "<group>"; };
		6C0266C220160BAD000ACBBF /* Info.plist */ = {isa = PBXFileReference; lastKnownFileType = text.plist.xml; path = Info.plist; sourceTree = "<group>"; };
		6C0266C8201610D2000ACBBF /* child.jpg */ = {isa = PBXFileReference; lastKnownFileType = image.jpeg; path = child.jpg; sourceTree = "<group>"; };
		6C0266C9201610D3000ACBBF /* background.jpg */ = {isa = PBXFileReference; lastKnownFileType = image.jpeg; path = background.jpg; sourceTree = "<group>"; };
		6C0266CA201610D3000ACBBF /* call.png */ = {isa = PBXFileReference; lastKnownFileType = image.png; path = call.png; sourceTree = "<group>"; };
		6C0266CB201610D3000ACBBF /* callMusic.mp3 */ = {isa = PBXFileReference; lastKnownFileType = audio.mp3; path = callMusic.mp3; sourceTree = "<group>"; };
		6C0266CC201610D3000ACBBF /* callplay2.png */ = {isa = PBXFileReference; lastKnownFileType = image.png; path = callplay2.png; sourceTree = "<group>"; };
		6C0266CD201610D3000ACBBF /* callplay1.png */ = {isa = PBXFileReference; lastKnownFileType = image.png; path = callplay1.png; sourceTree = "<group>"; };
		6C0266CE201610D3000ACBBF /* baby.mp3 */ = {isa = PBXFileReference; lastKnownFileType = audio.mp3; path = baby.mp3; sourceTree = "<group>"; };
		6C0266D6201617EA000ACBBF /* SoundViewController.swift */ = {isa = PBXFileReference; lastKnownFileType = sourcecode.swift; path = SoundViewController.swift; sourceTree = "<group>"; };
		6C0266D920161C99000ACBBF /* AVFoundation.framework */ = {isa = PBXFileReference; lastKnownFileType = wrapper.framework; name = AVFoundation.framework; path = System/Library/Frameworks/AVFoundation.framework; sourceTree = SDKROOT; };
/* End PBXFileReference section */

/* Begin PBXFrameworksBuildPhase section */
		6C0266B020160BAD000ACBBF /* Frameworks */ = {
			isa = PBXFrameworksBuildPhase;
			buildActionMask = 2147483647;
			files = (
				6C0266DA20161C99000ACBBF /* AVFoundation.framework in Frameworks */,
			);
			runOnlyForDeploymentPostprocessing = 0;
		};
/* End PBXFrameworksBuildPhase section */

/* Begin PBXGroup section */
		6C0266AA20160BAD000ACBBF = {
			isa = PBXGroup;
			children = (
				6C0266B520160BAD000ACBBF /* Swift Mosou LINE */,
				6C0266B420160BAD000ACBBF /* Products */,
				6C0266D820161C99000ACBBF /* Frameworks */,
			);
			sourceTree = "<group>";
		};
		6C0266B420160BAD000ACBBF /* Products */ = {
			isa = PBXGroup;
			children = (
				6C0266B320160BAD000ACBBF /* Swift Mosou LINE.app */,
			);
			name = Products;
			sourceTree = "<group>";
		};
		6C0266B520160BAD000ACBBF /* Swift Mosou LINE */ = {
			isa = PBXGroup;
			children = (
				6C0266CE201610D3000ACBBF /* baby.mp3 */,
				6C0266C9201610D3000ACBBF /* background.jpg */,
				6C0266CA201610D3000ACBBF /* call.png */,
				6C0266CB201610D3000ACBBF /* callMusic.mp3 */,
				6C0266CD201610D3000ACBBF /* callplay1.png */,
				6C0266CC201610D3000ACBBF /* callplay2.png */,
				6C0266C8201610D2000ACBBF /* child.jpg */,
				6C0266B620160BAD000ACBBF /* AppDelegate.swift */,
				6C0266B820160BAD000ACBBF /* ViewController.swift */,
				6C0266D6201617EA000ACBBF /* SoundViewController.swift */,
				6C0266BA20160BAD000ACBBF /* Main.storyboard */,
				6C0266BD20160BAD000ACBBF /* Assets.xcassets */,
				6C0266BF20160BAD000ACBBF /* LaunchScreen.storyboard */,
				6C0266C220160BAD000ACBBF /* Info.plist */,
			);
			path = "Swift Mosou LINE";
			sourceTree = "<group>";
		};
		6C0266D820161C99000ACBBF /* Frameworks */ = {
			isa = PBXGroup;
			children = (
				6C0266D920161C99000ACBBF /* AVFoundation.framework */,
			);
			name = Frameworks;
			sourceTree = "<group>";
		};
/* End PBXGroup section */

/* Begin PBXNativeTarget section */
		6C0266B220160BAD000ACBBF /* Swift Mosou LINE */ = {
			isa = PBXNativeTarget;
			buildConfigurationList = 6C0266C520160BAD000ACBBF /* Build configuration list for PBXNativeTarget "Swift Mosou LINE" */;
			buildPhases = (
				6C0266AF20160BAD000ACBBF /* Sources */,
				6C0266B020160BAD000ACBBF /* Frameworks */,
				6C0266B120160BAD000ACBBF /* Resources */,
			);
			buildRules = (
			);
			dependencies = (
			);
			name = "Swift Mosou LINE";
			productName = "Swift Mosou LINE";
			productReference = 6C0266B320160BAD000ACBBF /* Swift Mosou LINE.app */;
			productType = "com.apple.product-type.application";
		};
/* End PBXNativeTarget section */

/* Begin PBXProject section */
		6C0266AB20160BAD000ACBBF /* Project object */ = {
			isa = PBXProject;
			attributes = {
				LastSwiftUpdateCheck = 0920;
				LastUpgradeCheck = 0920;
				ORGANIZATIONNAME = "矢部立也";
				TargetAttributes = {
					6C0266B220160BAD000ACBBF = {
						CreatedOnToolsVersion = 9.2;
						ProvisioningStyle = Automatic;
					};
				};
			};
			buildConfigurationList = 6C0266AE20160BAD000ACBBF /* Build configuration list for PBXProject "Swift Mosou LINE" */;
			compatibilityVersion = "Xcode 8.0";
			developmentRegion = en;
			hasScannedForEncodings = 0;
			knownRegions = (
				en,
				Base,
			);
			mainGroup = 6C0266AA20160BAD000ACBBF;
			productRefGroup = 6C0266B420160BAD000ACBBF /* Products */;
			projectDirPath = "";
			projectRoot = "";
			targets = (
				6C0266B220160BAD000ACBBF /* Swift Mosou LINE */,
			);
		};
/* End PBXProject section */

/* Begin PBXResourcesBuildPhase section */
		6C0266B120160BAD000ACBBF /* Resources */ = {
			isa = PBXResourcesBuildPhase;
			buildActionMask = 2147483647;
			files = (
				6C0266CF201610D3000ACBBF /* child.jpg in Resources */,
				6C0266D4201610D3000ACBBF /* callplay1.png in Resources */,
				6C0266D0201610D3000ACBBF /* background.jpg in Resources */,
				6C0266C120160BAD000ACBBF /* LaunchScreen.storyboard in Resources */,
				6C0266BE20160BAD000ACBBF /* Assets.xcassets in Resources */,
				6C0266D3201610D3000ACBBF /* callplay2.png in Resources */,
				6C0266D5201610D3000ACBBF /* baby.mp3 in Resources */,
				6C0266BC20160BAD000ACBBF /* Main.storyboard in Resources */,
				6C0266D2201610D3000ACBBF /* callMusic.mp3 in Resources */,
				6C0266D1201610D3000ACBBF /* call.png in Resources */,
			);
			runOnlyForDeploymentPostprocessing = 0;
		};
/* End PBXResourcesBuildPhase section */

/* Begin PBXSourcesBuildPhase section */
		6C0266AF20160BAD000ACBBF /* Sources */ = {
			isa = PBXSourcesBuildPhase;
			buildActionMask = 2147483647;
			files = (
				6C0266B920160BAD000ACBBF /* ViewController.swift in Sources */,
				6C0266D7201617EA000ACBBF /* SoundViewController.swift in Sources */,
				6C0266B720160BAD000ACBBF /* AppDelegate.swift in Sources */,
			);
			runOnlyForDeploymentPostprocessing = 0;
		};
/* End PBXSourcesBuildPhase section */

/* Begin PBXVariantGroup section */
		6C0266BA20160BAD000ACBBF /* Main.storyboard */ = {
			isa = PBXVariantGroup;
			children = (
				6C0266BB20160BAD000ACBBF /* Base */,
			);
			name = Main.storyboard;
			sourceTree = "<group>";
		};
		6C0266BF20160BAD000ACBBF /* LaunchScreen.storyboard */ = {
			isa = PBXVariantGroup;
			children = (
				6C0266C020160BAD000ACBBF /* Base */,
			);
			name = LaunchScreen.storyboard;
			sourceTree = "<group>";
		};
/* End PBXVariantGroup section */

/* Begin XCBuildConfiguration section */
		6C0266C320160BAD000ACBBF /* Debug */ = {
			isa = XCBuildConfiguration;
			buildSettings = {
				ALWAYS_SEARCH_USER_PATHS = NO;
				CLANG_ANALYZER_NONNULL = YES;
				CLANG_ANALYZER_NUMBER_OBJECT_CONVERSION = YES_AGGRESSIVE;
				CLANG_CXX_LANGUAGE_STANDARD = "gnu++14";
				CLANG_CXX_LIBRARY = "libc++";
				CLANG_ENABLE_MODULES = YES;
				CLANG_ENABLE_OBJC_ARC = YES;
				CLANG_WARN_BLOCK_CAPTURE_AUTORELEASING = YES;
				CLANG_WARN_BOOL_CONVERSION = YES;
				CLANG_WARN_COMMA = YES;
				CLANG_WARN_CONSTANT_CONVERSION = YES;
				CLANG_WARN_DIRECT_OBJC_ISA_USAGE = YES_ERROR;
				CLANG_WARN_DOCUMENTATION_COMMENTS = YES;
				CLANG_WARN_EMPTY_BODY = YES;
				CLANG_WARN_ENUM_CONVERSION = YES;
				CLANG_WARN_INFINITE_RECURSION = YES;
				CLANG_WARN_INT_CONVERSION = YES;
				CLANG_WARN_NON_LITERAL_NULL_CONVERSION = YES;
				CLANG_WARN_OBJC_LITERAL_CONVERSION = YES;
				CLANG_WARN_OBJC_ROOT_CLASS = YES_ERROR;
				CLANG_WARN_RANGE_LOOP_ANALYSIS = YES;
				CLANG_WARN_STRICT_PROTOTYPES = YES;
				CLANG_WARN_SUSPICIOUS_MOVE = YES;
				CLANG_WARN_UNGUARDED_AVAILABILITY = YES_AGGRESSIVE;
				CLANG_WARN_UNREACHABLE_CODE = YES;
				CLANG_WARN__DUPLICATE_METHOD_MATCH = YES;
				CODE_SIGN_IDENTITY = "iPhone Developer";
				COPY_PHASE_STRIP = NO;
				DEBUG_INFORMATION_FORMAT = dwarf;
				ENABLE_STRICT_OBJC_MSGSEND = YES;
				ENABLE_TESTABILITY = YES;
				GCC_C_LANGUAGE_STANDARD = gnu11;
				GCC_DYNAMIC_NO_PIC = NO;
				GCC_NO_COMMON_BLOCKS = YES;
				GCC_OPTIMIZATION_LEVEL = 0;
				GCC_PREPROCESSOR_DEFINITIONS = (
					"DEBUG=1",
					"$(inherited)",
				);
				GCC_WARN_64_TO_32_BIT_CONVERSION = YES;
				GCC_WARN_ABOUT_RETURN_TYPE = YES_ERROR;
				GCC_WARN_UNDECLARED_SELECTOR = YES;
				GCC_WARN_UNINITIALIZED_AUTOS = YES_AGGRESSIVE;
				GCC_WARN_UNUSED_FUNCTION = YES;
				GCC_WARN_UNUSED_VARIABLE = YES;
				IPHONEOS_DEPLOYMENT_TARGET = 11.2;
				MTL_ENABLE_DEBUG_INFO = YES;
				ONLY_ACTIVE_ARCH = YES;
				SDKROOT = iphoneos;
				SWIFT_ACTIVE_COMPILATION_CONDITIONS = DEBUG;
				SWIFT_OPTIMIZATION_LEVEL = "-Onone";
			};
			name = Debug;
		};
		6C0266C420160BAD000ACBBF /* Release */ = {
			isa = XCBuildConfiguration;
			buildSettings = {
				ALWAYS_SEARCH_USER_PATHS = NO;
				CLANG_ANALYZER_NONNULL = YES;
				CLANG_ANALYZER_NUMBER_OBJECT_CONVERSION = YES_AGGRESSIVE;
				CLANG_CXX_LANGUAGE_STANDARD = "gnu++14";
				CLANG_CXX_LIBRARY = "libc++";
				CLANG_ENABLE_MODULES = YES;
				CLANG_ENABLE_OBJC_ARC = YES;
				CLANG_WARN_BLOCK_CAPTURE_AUTORELEASING = YES;
				CLANG_WARN_BOOL_CONVERSION = YES;
				CLANG_WARN_COMMA = YES;
				CLANG_WARN_CONSTANT_CONVERSION = YES;
				CLANG_WARN_DIRECT_OBJC_ISA_USAGE = YES_ERROR;
				CLANG_WARN_DOCUMENTATION_COMMENTS = YES;
				CLANG_WARN_EMPTY_BODY = YES;
				CLANG_WARN_ENUM_CONVERSION = YES;
				CLANG_WARN_INFINITE_RECURSION = YES;
				CLANG_WARN_INT_CONVERSION = YES;
				CLANG_WARN_NON_LITERAL_NULL_CONVERSION = YES;
				CLANG_WARN_OBJC_LITERAL_CONVERSION = YES;
				CLANG_WARN_OBJC_ROOT_CLASS = YES_ERROR;
				CLANG_WARN_RANGE_LOOP_ANALYSIS = YES;
				CLANG_WARN_STRICT_PROTOTYPES = YES;
				CLANG_WARN_SUSPICIOUS_MOVE = YES;
				CLANG_WARN_UNGUARDED_AVAILABILITY = YES_AGGRESSIVE;
				CLANG_WARN_UNREACHABLE_CODE = YES;
				CLANG_WARN__DUPLICATE_METHOD_MATCH = YES;
				CODE_SIGN_IDENTITY = "iPhone Developer";
				COPY_PHASE_STRIP = NO;
				DEBUG_INFORMATION_FORMAT = "dwarf-with-dsym";
				ENABLE_NS_ASSERTIONS = NO;
				ENABLE_STRICT_OBJC_MSGSEND = YES;
				GCC_C_LANGUAGE_STANDARD = gnu11;
				GCC_NO_COMMON_BLOCKS = YES;
				GCC_WARN_64_TO_32_BIT_CONVERSION = YES;
				GCC_WARN_ABOUT_RETURN_TYPE = YES_ERROR;
				GCC_WARN_UNDECLARED_SELECTOR = YES;
				GCC_WARN_UNINITIALIZED_AUTOS = YES_AGGRESSIVE;
				GCC_WARN_UNUSED_FUNCTION = YES;
				GCC_WARN_UNUSED_VARIABLE = YES;
				IPHONEOS_DEPLOYMENT_TARGET = 11.2;
				MTL_ENABLE_DEBUG_INFO = NO;
				SDKROOT = iphoneos;
				SWIFT_OPTIMIZATION_LEVEL = "-Owholemodule";
				VALIDATE_PRODUCT = YES;
			};
			name = Release;
		};
		6C0266C620160BAD000ACBBF /* Debug */ = {
			isa = XCBuildConfiguration;
			buildSettings = {
				ASSETCATALOG_COMPILER_APPICON_NAME = AppIcon;
				CODE_SIGN_STYLE = Automatic;
				INFOPLIST_FILE = "Swift Mosou LINE/Info.plist";
				LD_RUNPATH_SEARCH_PATHS = "$(inherited) @executable_path/Frameworks";
				PRODUCT_BUNDLE_IDENTIFIER = "yabe-tatsuya.Swift-Mosou-LINE";
				PRODUCT_NAME = "$(TARGET_NAME)";
				SWIFT_VERSION = 4.0;
				TARGETED_DEVICE_FAMILY = "1,2";
			};
			name = Debug;
		};
		6C0266C720160BAD000ACBBF /* Release */ = {
			isa = XCBuildConfiguration;
			buildSettings = {
				ASSETCATALOG_COMPILER_APPICON_NAME = AppIcon;
				CODE_SIGN_STYLE = Automatic;
				INFOPLIST_FILE = "Swift Mosou LINE/Info.plist";
				LD_RUNPATH_SEARCH_PATHS = "$(inherited) @executable_path/Frameworks";
				PRODUCT_BUNDLE_IDENTIFIER = "yabe-tatsuya.Swift-Mosou-LINE";
				PRODUCT_NAME = "$(TARGET_NAME)";
				SWIFT_VERSION = 4.0;
				TARGETED_DEVICE_FAMILY = "1,2";
			};
			name = Release;
		};
/* End XCBuildConfiguration section */

/* Begin XCConfigurationList section */
		6C0266AE20160BAD000ACBBF /* Build configuration list for PBXProject "Swift Mosou LINE" */ = {
			isa = XCConfigurationList;
			buildConfigurations = (
				6C0266C320160BAD000ACBBF /* Debug */,
				6C0266C420160BAD000ACBBF /* Release */,
			);
			defaultConfigurationIsVisible = 0;
			defaultConfigurationName = Release;
		};
		6C0266C520160BAD000ACBBF /* Build configuration list for PBXNativeTarget "Swift Mosou LINE" */ = {
			isa = XCConfigurationList;
			buildConfigurations = (
				6C0266C620160BAD000ACBBF /* Debug */,
				6C0266C720160BAD000ACBBF /* Release */,
			);
			defaultConfigurationIsVisible = 0;
			defaultConfigurationName = Release;
		};
/* End XCConfigurationList section */
	};
	rootObject = 6C0266AB20160BAD000ACBBF /* Project object */;
}
